{"1.2.0",
[{<<"any">>,{pkg,<<"any">>,<<"0.3.2">>},3},
 {<<"aten">>,{pkg,<<"aten">>,<<"0.6.0">>},2},
 {<<"gen_batch_server">>,{pkg,<<"gen_batch_server">>,<<"0.8.8">>},2},
 {<<"gproc">>,{pkg,<<"gproc">>,<<"0.9.1">>},1},
 {<<"horus">>,{pkg,<<"horus">>,<<"0.3.0">>},1},
 {<<"khepri">>,{pkg,<<"khepri">>,<<"0.16.0">>},0},
 {<<"macula">>,{pkg,<<"macula">>,<<"0.20.5">>},0},
 {<<"macula_envy">>,{pkg,<<"macula_envy">>,<<"0.1.1">>},2},
 {<<"macula_mdns">>,{pkg,<<"macula_mdns">>,<<"0.1.0">>},1},
 {<<"msgpack">>,{pkg,<<"msgpack">>,<<"0.8.1">>},1},
 {<<"quicer">>,{pkg,<<"quicer">>,<<"0.2.15">>},1},
 {<<"ra">>,{pkg,<<"ra">>,<<"2.14.0">>},1},
 {<<"seshat">>,{pkg,<<"seshat">>,<<"0.6.0">>},2},
 {<<"snabbkaffe">>,{pkg,<<"snabbkaffe">>,<<"1.0.10">>},2},
 {<<"telemetry">>,{pkg,<<"telemetry">>,<<"1.3.0">>},1}]}.
[
{pkg_hash,[
 {<<"any">>, <<"D13C2C0CFE1411DDB0C08113A25C7284545C44D6C759226815DE47100F65FECC">>},
 {<<"aten">>, <<"7A57B275A6DAF515AC3683FB9853E280B4D0DCDD74292FD66AC4A01C8694F8C7">>},
 {<<"gen_batch_server">>, <<"7840A1FA63EE1EFFC83E8A91D22664847A2BA1192D30EAFFFD914ACB51578068">>},
 {<<"gproc">>, <<"F1DF0364423539CF0B80E8201C8B1839E229E5F9B3CCB944C5834626998F5B8C">>},
 {<<"horus">>, <<"0AAB22D88FA8159FFB13F83A782B0D9B0819C08DAFD4A4C4BEEA0C31F32B626A">>},
 {<<"khepri">>, <<"E78545205ACDE9F6CE1B911A3DFABB17C566930DE3145DC40391BFB689825F9B">>},
 {<<"macula">>, <<"40D7FAD4C68EC6DB480D71E39D6D51BA4EA72326F622D3B360DAC8AF19A5EFEB">>},
 {<<"macula_envy">>, <<"1CB8E9598C9335A258ACA7EF11FE317B582B3956ACBA2A0128588198C9B188E8">>},
 {<<"macula_mdns">>, <<"3A055BEBF2D24E921D96359626D1887AB29E7271961C88F12F66B74572132865">>},
 {<<"msgpack">>, <<"DEB35C13291EAFE56AD9870374C2EAA92323DC5503D50432EBCAF47052E6D343">>},
 {<<"quicer">>, <<"775FCFA09C9CE5A4A00D23C1C8B1E81CD361EBC847E43BB766EFAC4373CDB1B8">>},
 {<<"ra">>, <<"AEB630926AE0D4A6EDE62C12CC4C3389DDD4E18B5E9CFB84369251B69FA9D257">>},
 {<<"seshat">>, <<"3172EB1D7A2A4F66108CD6933A4E465AFF80F84AA90ED83F047B92F636123CCD">>},
 {<<"snabbkaffe">>, <<"9BE2F54F61FC6862391B666B2B5B76C3FA53598E2989A17CEF1B48CF347A8A63">>},
 {<<"telemetry">>, <<"FEDEBBAE410D715CF8E7062C96A1EF32EC22E764197F70CDA73D82778D61E7A2">>}]},
{pkg_hash_ext,[
 {<<"any">>, <<"B129E16DAE98BD981F9BCDE1DD262C61E2958A2A75D231F94EC2FC90ACAB37F9">>},
 {<<"aten">>, <<"5F39A164206AE3F211EF5880B1F7819415686436E3229D30B6A058564FBAA168">>},
 {<<"gen_batch_server">>, <<"C3E6A1A2A0FB62AEE631A98CFA0FD8903E9562422CBF72043953E2FB1D203017">>},
 {<<"gproc">>, <<"905088E32E72127ED9466F0BAC0D8E65704CA5E73EE5A62CB073C3117916D507">>},
 {<<"horus">>, <<"DABE0BD901159D31ADA944310302A155324FE421ADCB12BFC4BB7EABDD9625F8">>},
 {<<"khepri">>, <<"FEEE8A0A1F3F78DD9F8860FEACBA63CC165C81AF1B351600903E34A20676D5F6">>},
 {<<"macula">>, <<"EE6D39BA2C66A3B1D2434D8F0F0CB58D53E740FBC03213366F503B1BCE6B97F4">>},
 {<<"macula_envy">>, <<"E6E131CB43979006F47484EB7A140E9525BA6CA57556FC74CCBDC90336C3C198">>},
 {<<"macula_mdns">>, <<"910693CB4A05CC5B92A64A635A53082EECD01732C303730FB3FCF53F44F7FA26">>},
 {<<"msgpack">>, <<"04D9A75BC6F4BED8627EE1E7AA9DF37601F510FDC786A84FE932BB21D765565F">>},
 {<<"quicer">>, <<"52236D9384A541341706BCAE438E81B209FA21D2045D3DF317F8BA5BEDA6A8E5">>},
 {<<"ra">>, <<"1D553DD971A0B398B7AF0FA8C8458DDA575715FF71C65C972E9500B24039B240">>},
 {<<"seshat">>, <<"7CEF700F92831DD7CAE6A6DD223CCC55AC88ECCE0631EE9AB0F2B5FB70E79B90">>},
 {<<"snabbkaffe">>, <<"70A98DF36AE756908D55B5770891D443D63C903833E3E87D544036E13D4FAC26">>},
 {<<"telemetry">>, <<"7015FC8919DBE63764F4B4B87A95B7C0996BD539E0D499BE6EC9D7F3875B79E6">>}]}
].
