{"1.2.0",
[{<<"any">>,{pkg,<<"any">>,<<"0.3.2">>},3},
 {<<"aten">>,{pkg,<<"aten">>,<<"0.6.0">>},2},
 {<<"gen_batch_server">>,{pkg,<<"gen_batch_server">>,<<"0.8.9">>},2},
 {<<"gproc">>,{pkg,<<"gproc">>,<<"0.9.1">>},1},
 {<<"horus">>,{pkg,<<"horus">>,<<"0.3.1">>},1},
 {<<"khepri">>,{pkg,<<"khepri">>,<<"0.17.2">>},0},
 {<<"macula">>,{pkg,<<"macula">>,<<"4.0.0">>},0},
 {<<"macula_envy">>,{pkg,<<"macula_envy">>,<<"0.1.1">>},2},
 {<<"macula_mdns">>,{pkg,<<"macula_mdns">>,<<"0.1.0">>},1},
 {<<"msgpack">>,{pkg,<<"msgpack">>,<<"0.8.1">>},1},
 {<<"ra">>,{pkg,<<"ra">>,<<"2.16.12">>},1},
 {<<"seshat">>,{pkg,<<"seshat">>,<<"0.6.0">>},2},
 {<<"telemetry">>,{pkg,<<"telemetry">>,<<"1.3.0">>},1}]}.
[
{pkg_hash,[
 {<<"any">>, <<"D13C2C0CFE1411DDB0C08113A25C7284545C44D6C759226815DE47100F65FECC">>},
 {<<"aten">>, <<"7A57B275A6DAF515AC3683FB9853E280B4D0DCDD74292FD66AC4A01C8694F8C7">>},
 {<<"gen_batch_server">>, <<"1C6BC0F530BF8C17E8B4ACC20C2CC369FFA5BEE2B46DE01E21410745F24B1BC9">>},
 {<<"gproc">>, <<"F1DF0364423539CF0B80E8201C8B1839E229E5F9B3CCB944C5834626998F5B8C">>},
 {<<"horus">>, <<"A5274C96E15924C28413752617B06050E4B08C04628B88209AFF9EA076F2BCB5">>},
 {<<"khepri">>, <<"9E23429CDCEE780D54F36CDE7550A781C2F217EA1F218794B0BCFB86373BA199">>},
 {<<"macula">>, <<"C1EFBD45CDD31BEC46ED3BE8CED37443D4DD18194B12374E12F7C6D065F27C2E">>},
 {<<"macula_envy">>, <<"1CB8E9598C9335A258ACA7EF11FE317B582B3956ACBA2A0128588198C9B188E8">>},
 {<<"macula_mdns">>, <<"3A055BEBF2D24E921D96359626D1887AB29E7271961C88F12F66B74572132865">>},
 {<<"msgpack">>, <<"DEB35C13291EAFE56AD9870374C2EAA92323DC5503D50432EBCAF47052E6D343">>},
 {<<"ra">>, <<"D97D0213E38C7D334128AA31940444EBFEEF3D370BA5F4ACC08D2BFBCC4979E9">>},
 {<<"seshat">>, <<"3172EB1D7A2A4F66108CD6933A4E465AFF80F84AA90ED83F047B92F636123CCD">>},
 {<<"telemetry">>, <<"FEDEBBAE410D715CF8E7062C96A1EF32EC22E764197F70CDA73D82778D61E7A2">>}]},
{pkg_hash_ext,[
 {<<"any">>, <<"B129E16DAE98BD981F9BCDE1DD262C61E2958A2A75D231F94EC2FC90ACAB37F9">>},
 {<<"aten">>, <<"5F39A164206AE3F211EF5880B1F7819415686436E3229D30B6A058564FBAA168">>},
 {<<"gen_batch_server">>, <<"C8581FE4A4B6BCCF91E53CE6A8C7E6C27C8C591BAB5408B160166463F5579C22">>},
 {<<"gproc">>, <<"905088E32E72127ED9466F0BAC0D8E65704CA5E73EE5A62CB073C3117916D507">>},
 {<<"horus">>, <<"D564D30EBC274F0D92C3D44A336D0B892F000BE159912AE4E6838701E85495EC">>},
 {<<"khepri">>, <<"F42B4CD5E936EEEE8E89FD6CB05316935BE7611A42042FB9BAA2C10450CB77ED">>},
 {<<"macula">>, <<"931C7409BC0024EE5AA0300777EB3C69E3395DE33581C20576EE9818E26B0D54">>},
 {<<"macula_envy">>, <<"E6E131CB43979006F47484EB7A140E9525BA6CA57556FC74CCBDC90336C3C198">>},
 {<<"macula_mdns">>, <<"910693CB4A05CC5B92A64A635A53082EECD01732C303730FB3FCF53F44F7FA26">>},
 {<<"msgpack">>, <<"04D9A75BC6F4BED8627EE1E7AA9DF37601F510FDC786A84FE932BB21D765565F">>},
 {<<"ra">>, <<"8A8F1A05250F9E91E253FD6CEE13A3551ECB2B10295D2E35233A3C0FE8EC2459">>},
 {<<"seshat">>, <<"7CEF700F92831DD7CAE6A6DD223CCC55AC88ECCE0631EE9AB0F2B5FB70E79B90">>},
 {<<"telemetry">>, <<"7015FC8919DBE63764F4B4B87A95B7C0996BD539E0D499BE6EC9D7F3875B79E6">>}]}
].
